
Microsoft Visual Studio Solution File, Format Version 12.00
# Visual Studio Version 17
VisualStudioVersion = 17.3.32929.385
MinimumVisualStudioVersion = 10.0.40219.1
Project("{FAE04EC0-301F-11D3-BF4B-00C04F79EFBC}") = "Path-to-succsess", "Path-to-succsess\Path-to-succsess.csproj", "{65A6238F-3541-4347-A1E3-0EFD413DF540}"
EndProject
Global
	GlobalSection(SolutionConfigurationPlatforms) = preSolution
		Debug|Any CPU = Debug|Any CPU
		Release|Any CPU = Release|Any CPU
	EndGlobalSection
	GlobalSection(ProjectConfigurationPlatforms) = postSolution
		{65A6238F-3541-4347-A1E3-0EFD413DF540}.Debug|Any CPU.ActiveCfg = Debug|Any CPU
		{65A6238F-3541-4347-A1E3-0EFD413DF540}.Debug|Any CPU.Build.0 = Debug|Any CPU
		{65A6238F-3541-4347-A1E3-0EFD413DF540}.Release|Any CPU.ActiveCfg = Release|Any CPU
		{65A6238F-3541-4347-A1E3-0EFD413DF540}.Release|Any CPU.Build.0 = Release|Any CPU
	EndGlobalSection
	GlobalSection(SolutionProperties) = preSolution
		HideSolutionNode = FALSE
	EndGlobalSection
	GlobalSection(ExtensibilityGlobals) = postSolution
		SolutionGuid = {B08B4EA3-6B75-4F23-892E-628C0AAD3F59}
	EndGlobalSection
EndGlobal
